// !$*UTF8*$!
{
	archiveVersion = 1;
	classes = {
	};
	objectVersion = 46;
	objects = {

/* Begin PBXBuildFile section */
		912F5E1A168728C000CC3F0E /* AddSightViewController.m in Sources */ = {isa = PBXBuildFile; fileRef = 912F5E18168728C000CC3F0E /* AddSightViewController.m */; };
		912F5E1B168728C000CC3F0E /* AddSightViewController.xib in Resources */ = {isa = PBXBuildFile; fileRef = 912F5E19168728C000CC3F0E /* AddSightViewController.xib */; };
		91A5662A1686D9C0003E10F5 /* UIKit.framework in Frameworks */ = {isa = PBXBuildFile; fileRef = 91A566291686D9C0003E10F5 /* UIKit.framework */; };
		91A5662C1686D9C0003E10F5 /* Foundation.framework in Frameworks */ = {isa = PBXBuildFile; fileRef = 91A5662B1686D9C0003E10F5 /* Foundation.framework */; };
		91A5662E1686D9C0003E10F5 /* CoreGraphics.framework in Frameworks */ = {isa = PBXBuildFile; fileRef = 91A5662D1686D9C0003E10F5 /* CoreGraphics.framework */; };
		91A566341686D9C0003E10F5 /* InfoPlist.strings in Resources */ = {isa = PBXBuildFile; fileRef = 91A566321686D9C0003E10F5 /* InfoPlist.strings */; };
		91A566361686D9C0003E10F5 /* main.m in Sources */ = {isa = PBXBuildFile; fileRef = 91A566351686D9C0003E10F5 /* main.m */; };
		91A5663A1686D9C0003E10F5 /* NRAppDelegate.m in Sources */ = {isa = PBXBuildFile; fileRef = 91A566391686D9C0003E10F5 /* NRAppDelegate.m */; };
		91A5663C1686D9C0003E10F5 /* Default.png in Resources */ = {isa = PBXBuildFile; fileRef = 91A5663B1686D9C0003E10F5 /* Default.png */; };
		91A5663E1686D9C0003E10F5 /* Default@2x.png in Resources */ = {isa = PBXBuildFile; fileRef = 91A5663D1686D9C0003E10F5 /* Default@2x.png */; };
		91A566401686D9C0003E10F5 /* Default-568h@2x.png in Resources */ = {isa = PBXBuildFile; fileRef = 91A5663F1686D9C0003E10F5 /* Default-568h@2x.png */; };
		91A566431686D9C0003E10F5 /* MainStoryboard_iPhone.storyboard in Resources */ = {isa = PBXBuildFile; fileRef = 91A566411686D9C0003E10F5 /* MainStoryboard_iPhone.storyboard */; };
		91A566461686D9C0003E10F5 /* MainStoryboard_iPad.storyboard in Resources */ = {isa = PBXBuildFile; fileRef = 91A566441686D9C0003E10F5 /* MainStoryboard_iPad.storyboard */; };
		91A566491686D9C0003E10F5 /* NRMasterViewController.m in Sources */ = {isa = PBXBuildFile; fileRef = 91A566481686D9C0003E10F5 /* NRMasterViewController.m */; };
		91A5664C1686D9C0003E10F5 /* NRDetailViewController.m in Sources */ = {isa = PBXBuildFile; fileRef = 91A5664B1686D9C0003E10F5 /* NRDetailViewController.m */; };
		91A566541686D9C1003E10F5 /* SenTestingKit.framework in Frameworks */ = {isa = PBXBuildFile; fileRef = 91A566531686D9C1003E10F5 /* SenTestingKit.framework */; };
		91A566551686D9C1003E10F5 /* UIKit.framework in Frameworks */ = {isa = PBXBuildFile; fileRef = 91A566291686D9C0003E10F5 /* UIKit.framework */; };
		91A566561686D9C1003E10F5 /* Foundation.framework in Frameworks */ = {isa = PBXBuildFile; fileRef = 91A5662B1686D9C0003E10F5 /* Foundation.framework */; };
		91A5665E1686D9C1003E10F5 /* InfoPlist.strings in Resources */ = {isa = PBXBuildFile; fileRef = 91A5665C1686D9C1003E10F5 /* InfoPlist.strings */; };
		91A566611686D9C1003E10F5 /* MyMoneyTests.m in Sources */ = {isa = PBXBuildFile; fileRef = 91A566601686D9C1003E10F5 /* MyMoneyTests.m */; };
		91A566701686EB28003E10F5 /* NRBirdSight.m in Sources */ = {isa = PBXBuildFile; fileRef = 91A5666F1686EB28003E10F5 /* NRBirdSight.m */; };
		91A566741686ED85003E10F5 /* BirdSightDataController.m in Sources */ = {isa = PBXBuildFile; fileRef = 91A566731686ED85003E10F5 /* BirdSightDataController.m */; };
/* End PBXBuildFile section */

/* Begin PBXContainerItemProxy section */
		91A566571686D9C1003E10F5 /* PBXContainerItemProxy */ = {
			isa = PBXContainerItemProxy;
			containerPortal = 91A5661C1686D9C0003E10F5 /* Project object */;
			proxyType = 1;
			remoteGlobalIDString = 91A566241686D9C0003E10F5;
			remoteInfo = MyMoney;
		};
/* End PBXContainerItemProxy section */

/* Begin PBXFileReference section */
		912F5E17168728C000CC3F0E /* AddSightViewController.h */ = {isa = PBXFileReference; fileEncoding = 4; lastKnownFileType = sourcecode.c.h; name = AddSightViewController.h; path = ../AddSightViewController.h; sourceTree = "<group>"; };
		912F5E18168728C000CC3F0E /* AddSightViewController.m */ = {isa = PBXFileReference; fileEncoding = 4; lastKnownFileType = sourcecode.c.objc; name = AddSightViewController.m; path = ../AddSightViewController.m; sourceTree = "<group>"; };
		912F5E19168728C000CC3F0E /* AddSightViewController.xib */ = {isa = PBXFileReference; fileEncoding = 4; lastKnownFileType = file.xib; name = AddSightViewController.xib; path = ../AddSightViewController.xib; sourceTree = "<group>"; };
		91A566251686D9C0003E10F5 /* MyMoney.app */ = {isa = PBXFileReference; explicitFileType = wrapper.application; includeInIndex = 0; path = MyMoney.app; sourceTree = BUILT_PRODUCTS_DIR; };
		91A566291686D9C0003E10F5 /* UIKit.framework */ = {isa = PBXFileReference; lastKnownFileType = wrapper.framework; name = UIKit.framework; path = System/Library/Frameworks/UIKit.framework; sourceTree = SDKROOT; };
		91A5662B1686D9C0003E10F5 /* Foundation.framework */ = {isa = PBXFileReference; lastKnownFileType = wrapper.framework; name = Foundation.framework; path = System/Library/Frameworks/Foundation.framework; sourceTree = SDKROOT; };
		91A5662D1686D9C0003E10F5 /* CoreGraphics.framework */ = {isa = PBXFileReference; lastKnownFileType = wrapper.framework; name = CoreGraphics.framework; path = System/Library/Frameworks/CoreGraphics.framework; sourceTree = SDKROOT; };
		91A566311686D9C0003E10F5 /* MyMoney-Info.plist */ = {isa = PBXFileReference; lastKnownFileType = text.plist.xml; path = "MyMoney-Info.plist"; sourceTree = "<group>"; };
		91A566331686D9C0003E10F5 /* en */ = {isa = PBXFileReference; lastKnownFileType = text.plist.strings; name = en; path = en.lproj/InfoPlist.strings; sourceTree = "<group>"; };
		91A566351686D9C0003E10F5 /* main.m */ = {isa = PBXFileReference; lastKnownFileType = sourcecode.c.objc; path = main.m; sourceTree = "<group>"; };
		91A566371686D9C0003E10F5 /* MyMoney-Prefix.pch */ = {isa = PBXFileReference; lastKnownFileType = sourcecode.c.h; path = "MyMoney-Prefix.pch"; sourceTree = "<group>"; };
		91A566381686D9C0003E10F5 /* NRAppDelegate.h */ = {isa = PBXFileReference; lastKnownFileType = sourcecode.c.h; path = NRAppDelegate.h; sourceTree = "<group>"; };
		91A566391686D9C0003E10F5 /* NRAppDelegate.m */ = {isa = PBXFileReference; lastKnownFileType = sourcecode.c.objc; path = NRAppDelegate.m; sourceTree = "<group>"; };
		91A5663B1686D9C0003E10F5 /* Default.png */ = {isa = PBXFileReference; lastKnownFileType = image.png; path = Default.png; sourceTree = "<group>"; };
		91A5663D1686D9C0003E10F5 /* Default@2x.png */ = {isa = PBXFileReference; lastKnownFileType = image.png; path = "Default@2x.png"; sourceTree = "<group>"; };
		91A5663F1686D9C0003E10F5 /* Default-568h@2x.png */ = {isa = PBXFileReference; lastKnownFileType = image.png; path = "Default-568h@2x.png"; sourceTree = "<group>"; };
		91A566421686D9C0003E10F5 /* en */ = {isa = PBXFileReference; lastKnownFileType = file.storyboard; name = en; path = en.lproj/MainStoryboard_iPhone.storyboard; sourceTree = "<group>"; };
		91A566451686D9C0003E10F5 /* en */ = {isa = PBXFileReference; lastKnownFileType = file.storyboard; name = en; path = en.lproj/MainStoryboard_iPad.storyboard; sourceTree = "<group>"; };
		91A566471686D9C0003E10F5 /* NRMasterViewController.h */ = {isa = PBXFileReference; lastKnownFileType = sourcecode.c.h; path = NRMasterViewController.h; sourceTree = "<group>"; };
		91A566481686D9C0003E10F5 /* NRMasterViewController.m */ = {isa = PBXFileReference; lastKnownFileType = sourcecode.c.objc; path = NRMasterViewController.m; sourceTree = "<group>"; };
		91A5664A1686D9C0003E10F5 /* NRDetailViewController.h */ = {isa = PBXFileReference; lastKnownFileType = sourcecode.c.h; path = NRDetailViewController.h; sourceTree = "<group>"; };
		91A5664B1686D9C0003E10F5 /* NRDetailViewController.m */ = {isa = PBXFileReference; lastKnownFileType = sourcecode.c.objc; path = NRDetailViewController.m; sourceTree = "<group>"; };
		91A566521686D9C1003E10F5 /* MyMoneyTests.octest */ = {isa = PBXFileReference; explicitFileType = wrapper.cfbundle; includeInIndex = 0; path = MyMoneyTests.octest; sourceTree = BUILT_PRODUCTS_DIR; };
		91A566531686D9C1003E10F5 /* SenTestingKit.framework */ = {isa = PBXFileReference; lastKnownFileType = wrapper.framework; name = SenTestingKit.framework; path = Library/Frameworks/SenTestingKit.framework; sourceTree = DEVELOPER_DIR; };
		91A5665B1686D9C1003E10F5 /* MyMoneyTests-Info.plist */ = {isa = PBXFileReference; lastKnownFileType = text.plist.xml; path = "MyMoneyTests-Info.plist"; sourceTree = "<group>"; };
		91A5665D1686D9C1003E10F5 /* en */ = {isa = PBXFileReference; lastKnownFileType = text.plist.strings; name = en; path = en.lproj/InfoPlist.strings; sourceTree = "<group>"; };
		91A5665F1686D9C1003E10F5 /* MyMoneyTests.h */ = {isa = PBXFileReference; lastKnownFileType = sourcecode.c.h; path = MyMoneyTests.h; sourceTree = "<group>"; };
		91A566601686D9C1003E10F5 /* MyMoneyTests.m */ = {isa = PBXFileReference; lastKnownFileType = sourcecode.c.objc; path = MyMoneyTests.m; sourceTree = "<group>"; };
		91A5666E1686EB27003E10F5 /* NRBirdSight.h */ = {isa = PBXFileReference; fileEncoding = 4; lastKnownFileType = sourcecode.c.h; name = NRBirdSight.h; path = MyMoney/NRBirdSight.h; sourceTree = "<group>"; };
		91A5666F1686EB28003E10F5 /* NRBirdSight.m */ = {isa = PBXFileReference; fileEncoding = 4; lastKnownFileType = sourcecode.c.objc; name = NRBirdSight.m; path = MyMoney/NRBirdSight.m; sourceTree = "<group>"; };
		91A566721686ED85003E10F5 /* BirdSightDataController.h */ = {isa = PBXFileReference; fileEncoding = 4; lastKnownFileType = sourcecode.c.h; name = BirdSightDataController.h; path = MyMoney/BirdSightDataController.h; sourceTree = "<group>"; };
		91A566731686ED85003E10F5 /* BirdSightDataController.m */ = {isa = PBXFileReference; fileEncoding = 4; lastKnownFileType = sourcecode.c.objc; name = BirdSightDataController.m; path = MyMoney/BirdSightDataController.m; sourceTree = "<group>"; };
/* End PBXFileReference section */

/* Begin PBXFrameworksBuildPhase section */
		91A566221686D9C0003E10F5 /* Frameworks */ = {
			isa = PBXFrameworksBuildPhase;
			buildActionMask = 2147483647;
			files = (
				91A5662A1686D9C0003E10F5 /* UIKit.framework in Frameworks */,
				91A5662C1686D9C0003E10F5 /* Foundation.framework in Frameworks */,
				91A5662E1686D9C0003E10F5 /* CoreGraphics.framework in Frameworks */,
			);
			runOnlyForDeploymentPostprocessing = 0;
		};
		91A5664E1686D9C1003E10F5 /* Frameworks */ = {
			isa = PBXFrameworksBuildPhase;
			buildActionMask = 2147483647;
			files = (
				91A566541686D9C1003E10F5 /* SenTestingKit.framework in Frameworks */,
				91A566551686D9C1003E10F5 /* UIKit.framework in Frameworks */,
				91A566561686D9C1003E10F5 /* Foundation.framework in Frameworks */,
			);
			runOnlyForDeploymentPostprocessing = 0;
		};
/* End PBXFrameworksBuildPhase section */

/* Begin PBXGroup section */
		91A5661A1686D9C0003E10F5 = {
			isa = PBXGroup;
			children = (
				91A566751686F6A9003E10F5 /* Model */,
				91A5662F1686D9C0003E10F5 /* GUI */,
				91A566591686D9C1003E10F5 /* MyMoneyTests */,
				91A566281686D9C0003E10F5 /* Frameworks */,
				91A566261686D9C0003E10F5 /* Products */,
			);
			sourceTree = "<group>";
		};
		91A566261686D9C0003E10F5 /* Products */ = {
			isa = PBXGroup;
			children = (
				91A566251686D9C0003E10F5 /* MyMoney.app */,
				91A566521686D9C1003E10F5 /* MyMoneyTests.octest */,
			);
			name = Products;
			sourceTree = "<group>";
		};
		91A566281686D9C0003E10F5 /* Frameworks */ = {
			isa = PBXGroup;
			children = (
				91A566291686D9C0003E10F5 /* UIKit.framework */,
				91A5662B1686D9C0003E10F5 /* Foundation.framework */,
				91A5662D1686D9C0003E10F5 /* CoreGraphics.framework */,
				91A566531686D9C1003E10F5 /* SenTestingKit.framework */,
			);
			name = Frameworks;
			sourceTree = "<group>";
		};
		91A5662F1686D9C0003E10F5 /* GUI */ = {
			isa = PBXGroup;
			children = (
				912F5E17168728C000CC3F0E /* AddSightViewController.h */,
				912F5E18168728C000CC3F0E /* AddSightViewController.m */,
				912F5E19168728C000CC3F0E /* AddSightViewController.xib */,
				91A566381686D9C0003E10F5 /* NRAppDelegate.h */,
				91A566391686D9C0003E10F5 /* NRAppDelegate.m */,
				91A566411686D9C0003E10F5 /* MainStoryboard_iPhone.storyboard */,
				91A566441686D9C0003E10F5 /* MainStoryboard_iPad.storyboard */,
				91A566471686D9C0003E10F5 /* NRMasterViewController.h */,
				91A566481686D9C0003E10F5 /* NRMasterViewController.m */,
				91A5664A1686D9C0003E10F5 /* NRDetailViewController.h */,
				91A5664B1686D9C0003E10F5 /* NRDetailViewController.m */,
				91A566301686D9C0003E10F5 /* Supporting Files */,
			);
			name = GUI;
			path = MyMoney;
			sourceTree = "<group>";
		};
		91A566301686D9C0003E10F5 /* Supporting Files */ = {
			isa = PBXGroup;
			children = (
				91A566311686D9C0003E10F5 /* MyMoney-Info.plist */,
				91A566321686D9C0003E10F5 /* InfoPlist.strings */,
				91A566351686D9C0003E10F5 /* main.m */,
				91A566371686D9C0003E10F5 /* MyMoney-Prefix.pch */,
				91A5663B1686D9C0003E10F5 /* Default.png */,
				91A5663D1686D9C0003E10F5 /* Default@2x.png */,
				91A5663F1686D9C0003E10F5 /* Default-568h@2x.png */,
			);
			name = "Supporting Files";
			sourceTree = "<group>";
		};
		91A566591686D9C1003E10F5 /* MyMoneyTests */ = {
			isa = PBXGroup;
			children = (
				91A5665F1686D9C1003E10F5 /* MyMoneyTests.h */,
				91A566601686D9C1003E10F5 /* MyMoneyTests.m */,
				91A5665A1686D9C1003E10F5 /* Supporting Files */,
			);
			path = MyMoneyTests;
			sourceTree = "<group>";
		};
		91A5665A1686D9C1003E10F5 /* Supporting Files */ = {
			isa = PBXGroup;
			children = (
				91A5665B1686D9C1003E10F5 /* MyMoneyTests-Info.plist */,
				91A5665C1686D9C1003E10F5 /* InfoPlist.strings */,
			);
			name = "Supporting Files";
			sourceTree = "<group>";
		};
		91A566751686F6A9003E10F5 /* Model */ = {
			isa = PBXGroup;
			children = (
				91A5666E1686EB27003E10F5 /* NRBirdSight.h */,
				91A5666F1686EB28003E10F5 /* NRBirdSight.m */,
				91A566721686ED85003E10F5 /* BirdSightDataController.h */,
				91A566731686ED85003E10F5 /* BirdSightDataController.m */,
			);
			name = Model;
			sourceTree = "<group>";
		};
/* End PBXGroup section */

/* Begin PBXNativeTarget section */
		91A566241686D9C0003E10F5 /* MyMoney */ = {
			isa = PBXNativeTarget;
			buildConfigurationList = 91A566641686D9C1003E10F5 /* Build configuration list for PBXNativeTarget "MyMoney" */;
			buildPhases = (
				91A566211686D9C0003E10F5 /* Sources */,
				91A566221686D9C0003E10F5 /* Frameworks */,
				91A566231686D9C0003E10F5 /* Resources */,
			);
			buildRules = (
			);
			dependencies = (
			);
			name = MyMoney;
			productName = MyMoney;
			productReference = 91A566251686D9C0003E10F5 /* MyMoney.app */;
			productType = "com.apple.product-type.application";
		};
		91A566511686D9C1003E10F5 /* MyMoneyTests */ = {
			isa = PBXNativeTarget;
			buildConfigurationList = 91A566671686D9C1003E10F5 /* Build configuration list for PBXNativeTarget "MyMoneyTests" */;
			buildPhases = (
				91A5664D1686D9C1003E10F5 /* Sources */,
				91A5664E1686D9C1003E10F5 /* Frameworks */,
				91A5664F1686D9C1003E10F5 /* Resources */,
				91A566501686D9C1003E10F5 /* ShellScript */,
			);
			buildRules = (
			);
			dependencies = (
				91A566581686D9C1003E10F5 /* PBXTargetDependency */,
			);
			name = MyMoneyTests;
			productName = MyMoneyTests;
			productReference = 91A566521686D9C1003E10F5 /* MyMoneyTests.octest */;
			productType = "com.apple.product-type.bundle";
		};
/* End PBXNativeTarget section */

/* Begin PBXProject section */
		91A5661C1686D9C0003E10F5 /* Project object */ = {
			isa = PBXProject;
			attributes = {
				CLASSPREFIX = NR;
				LastUpgradeCheck = 0450;
				ORGANIZATIONNAME = "R&D Center";
			};
			buildConfigurationList = 91A5661F1686D9C0003E10F5 /* Build configuration list for PBXProject "MyMoney" */;
			compatibilityVersion = "Xcode 3.2";
			developmentRegion = English;
			hasScannedForEncodings = 0;
			knownRegions = (
				en,
			);
			mainGroup = 91A5661A1686D9C0003E10F5;
			productRefGroup = 91A566261686D9C0003E10F5 /* Products */;
			projectDirPath = "";
			projectRoot = "";
			targets = (
				91A566241686D9C0003E10F5 /* MyMoney */,
				91A566511686D9C1003E10F5 /* MyMoneyTests */,
			);
		};
/* End PBXProject section */

/* Begin PBXResourcesBuildPhase section */
		91A566231686D9C0003E10F5 /* Resources */ = {
			isa = PBXResourcesBuildPhase;
			buildActionMask = 2147483647;
			files = (
				91A566341686D9C0003E10F5 /* InfoPlist.strings in Resources */,
				91A5663C1686D9C0003E10F5 /* Default.png in Resources */,
				91A5663E1686D9C0003E10F5 /* Default@2x.png in Resources */,
				91A566401686D9C0003E10F5 /* Default-568h@2x.png in Resources */,
				91A566431686D9C0003E10F5 /* MainStoryboard_iPhone.storyboard in Resources */,
				91A566461686D9C0003E10F5 /* MainStoryboard_iPad.storyboard in Resources */,
				912F5E1B168728C000CC3F0E /* AddSightViewController.xib in Resources */,
			);
			runOnlyForDeploymentPostprocessing = 0;
		};
		91A5664F1686D9C1003E10F5 /* Resources */ = {
			isa = PBXResourcesBuildPhase;
			buildActionMask = 2147483647;
			files = (
				91A5665E1686D9C1003E10F5 /* InfoPlist.strings in Resources */,
			);
			runOnlyForDeploymentPostprocessing = 0;
		};
/* End PBXResourcesBuildPhase section */

/* Begin PBXShellScriptBuildPhase section */
		91A566501686D9C1003E10F5 /* ShellScript */ = {
			isa = PBXShellScriptBuildPhase;
			buildActionMask = 2147483647;
			files = (
			);
			inputPaths = (
			);
			outputPaths = (
			);
			runOnlyForDeploymentPostprocessing = 0;
			shellPath = /bin/sh;
			shellScript = "# Run the unit tests in this test bundle.\n\"${SYSTEM_DEVELOPER_DIR}/Tools/RunUnitTests\"\n";
		};
/* End PBXShellScriptBuildPhase section */

/* Begin PBXSourcesBuildPhase section */
		91A566211686D9C0003E10F5 /* Sources */ = {
			isa = PBXSourcesBuildPhase;
			buildActionMask = 2147483647;
			files = (
				91A566361686D9C0003E10F5 /* main.m in Sources */,
				91A5663A1686D9C0003E10F5 /* NRAppDelegate.m in Sources */,
				91A566491686D9C0003E10F5 /* NRMasterViewController.m in Sources */,
				91A5664C1686D9C0003E10F5 /* NRDetailViewController.m in Sources */,
				91A566701686EB28003E10F5 /* NRBirdSight.m in Sources */,
				91A566741686ED85003E10F5 /* BirdSightDataController.m in Sources */,
				912F5E1A168728C000CC3F0E /* AddSightViewController.m in Sources */,
			);
			runOnlyForDeploymentPostprocessing = 0;
		};
		91A5664D1686D9C1003E10F5 /* Sources */ = {
			isa = PBXSourcesBuildPhase;
			buildActionMask = 2147483647;
			files = (
				91A566611686D9C1003E10F5 /* MyMoneyTests.m in Sources */,
			);
			runOnlyForDeploymentPostprocessing = 0;
		};
/* End PBXSourcesBuildPhase section */

/* Begin PBXTargetDependency section */
		91A566581686D9C1003E10F5 /* PBXTargetDependency */ = {
			isa = PBXTargetDependency;
			target = 91A566241686D9C0003E10F5 /* MyMoney */;
			targetProxy = 91A566571686D9C1003E10F5 /* PBXContainerItemProxy */;
		};
/* End PBXTargetDependency section */

/* Begin PBXVariantGroup section */
		91A566321686D9C0003E10F5 /* InfoPlist.strings */ = {
			isa = PBXVariantGroup;
			children = (
				91A566331686D9C0003E10F5 /* en */,
			);
			name = InfoPlist.strings;
			sourceTree = "<group>";
		};
		91A566411686D9C0003E10F5 /* MainStoryboard_iPhone.storyboard */ = {
			isa = PBXVariantGroup;
			children = (
				91A566421686D9C0003E10F5 /* en */,
			);
			name = MainStoryboard_iPhone.storyboard;
			sourceTree = "<group>";
		};
		91A566441686D9C0003E10F5 /* MainStoryboard_iPad.storyboard */ = {
			isa = PBXVariantGroup;
			children = (
				91A566451686D9C0003E10F5 /* en */,
			);
			name = MainStoryboard_iPad.storyboard;
			sourceTree = "<group>";
		};
		91A5665C1686D9C1003E10F5 /* InfoPlist.strings */ = {
			isa = PBXVariantGroup;
			children = (
				91A5665D1686D9C1003E10F5 /* en */,
			);
			name = InfoPlist.strings;
			sourceTree = "<group>";
		};
/* End PBXVariantGroup section */

/* Begin XCBuildConfiguration section */
		91A566621686D9C1003E10F5 /* Debug */ = {
			isa = XCBuildConfiguration;
			buildSettings = {
				ALWAYS_SEARCH_USER_PATHS = NO;
				CLANG_CXX_LANGUAGE_STANDARD = "gnu++0x";
				CLANG_CXX_LIBRARY = "libc++";
				CLANG_ENABLE_OBJC_ARC = YES;
				CLANG_WARN_EMPTY_BODY = YES;
				CLANG_WARN__DUPLICATE_METHOD_MATCH = YES;
				"CODE_SIGN_IDENTITY[sdk=iphoneos*]" = "iPhone Developer";
				COPY_PHASE_STRIP = NO;
				GCC_C_LANGUAGE_STANDARD = gnu99;
				GCC_DYNAMIC_NO_PIC = NO;
				GCC_OPTIMIZATION_LEVEL = 0;
				GCC_PREPROCESSOR_DEFINITIONS = (
					"DEBUG=1",
					"$(inherited)",
				);
				GCC_SYMBOLS_PRIVATE_EXTERN = NO;
				GCC_WARN_ABOUT_RETURN_TYPE = YES;
				GCC_WARN_UNINITIALIZED_AUTOS = YES;
				GCC_WARN_UNUSED_VARIABLE = YES;
				IPHONEOS_DEPLOYMENT_TARGET = 6.0;
				ONLY_ACTIVE_ARCH = YES;
				SDKROOT = iphoneos;
				TARGETED_DEVICE_FAMILY = "1,2";
			};
			name = Debug;
		};
		91A566631686D9C1003E10F5 /* Release */ = {
			isa = XCBuildConfiguration;
			buildSettings = {
				ALWAYS_SEARCH_USER_PATHS = NO;
				CLANG_CXX_LANGUAGE_STANDARD = "gnu++0x";
				CLANG_CXX_LIBRARY = "libc++";
				CLANG_ENABLE_OBJC_ARC = YES;
				CLANG_WARN_EMPTY_BODY = YES;
				CLANG_WARN__DUPLICATE_METHOD_MATCH = YES;
				"CODE_SIGN_IDENTITY[sdk=iphoneos*]" = "iPhone Developer";
				COPY_PHASE_STRIP = YES;
				GCC_C_LANGUAGE_STANDARD = gnu99;
				GCC_WARN_ABOUT_RETURN_TYPE = YES;
				GCC_WARN_UNINITIALIZED_AUTOS = YES;
				GCC_WARN_UNUSED_VARIABLE = YES;
				IPHONEOS_DEPLOYMENT_TARGET = 6.0;
				OTHER_CFLAGS = "-DNS_BLOCK_ASSERTIONS=1";
				SDKROOT = iphoneos;
				TARGETED_DEVICE_FAMILY = "1,2";
				VALIDATE_PRODUCT = YES;
			};
			name = Release;
		};
		91A566651686D9C1003E10F5 /* Debug */ = {
			isa = XCBuildConfiguration;
			buildSettings = {
				GCC_PRECOMPILE_PREFIX_HEADER = YES;
				GCC_PREFIX_HEADER = "MyMoney/MyMoney-Prefix.pch";
				INFOPLIST_FILE = "MyMoney/MyMoney-Info.plist";
				PRODUCT_NAME = "$(TARGET_NAME)";
				WRAPPER_EXTENSION = app;
			};
			name = Debug;
		};
		91A566661686D9C1003E10F5 /* Release */ = {
			isa = XCBuildConfiguration;
			buildSettings = {
				GCC_PRECOMPILE_PREFIX_HEADER = YES;
				GCC_PREFIX_HEADER = "MyMoney/MyMoney-Prefix.pch";
				INFOPLIST_FILE = "MyMoney/MyMoney-Info.plist";
				PRODUCT_NAME = "$(TARGET_NAME)";
				WRAPPER_EXTENSION = app;
			};
			name = Release;
		};
		91A566681686D9C1003E10F5 /* Debug */ = {
			isa = XCBuildConfiguration;
			buildSettings = {
				BUNDLE_LOADER = "$(BUILT_PRODUCTS_DIR)/MyMoney.app/MyMoney";
				FRAMEWORK_SEARCH_PATHS = (
					"\"$(SDKROOT)/Developer/Library/Frameworks\"",
					"\"$(DEVELOPER_LIBRARY_DIR)/Frameworks\"",
				);
				GCC_PRECOMPILE_PREFIX_HEADER = YES;
				GCC_PREFIX_HEADER = "MyMoney/MyMoney-Prefix.pch";
				INFOPLIST_FILE = "MyMoneyTests/MyMoneyTests-Info.plist";
				PRODUCT_NAME = "$(TARGET_NAME)";
				TEST_HOST = "$(BUNDLE_LOADER)";
				WRAPPER_EXTENSION = octest;
			};
			name = Debug;
		};
		91A566691686D9C1003E10F5 /* Release */ = {
			isa = XCBuildConfiguration;
			buildSettings = {
				BUNDLE_LOADER = "$(BUILT_PRODUCTS_DIR)/MyMoney.app/MyMoney";
				FRAMEWORK_SEARCH_PATHS = (
					"\"$(SDKROOT)/Developer/Library/Frameworks\"",
					"\"$(DEVELOPER_LIBRARY_DIR)/Frameworks\"",
				);
				GCC_PRECOMPILE_PREFIX_HEADER = YES;
				GCC_PREFIX_HEADER = "MyMoney/MyMoney-Prefix.pch";
				INFOPLIST_FILE = "MyMoneyTests/MyMoneyTests-Info.plist";
				PRODUCT_NAME = "$(TARGET_NAME)";
				TEST_HOST = "$(BUNDLE_LOADER)";
				WRAPPER_EXTENSION = octest;
			};
			name = Release;
		};
/* End XCBuildConfiguration section */

/* Begin XCConfigurationList section */
		91A5661F1686D9C0003E10F5 /* Build configuration list for PBXProject "MyMoney" */ = {
			isa = XCConfigurationList;
			buildConfigurations = (
				91A566621686D9C1003E10F5 /* Debug */,
				91A566631686D9C1003E10F5 /* Release */,
			);
			defaultConfigurationIsVisible = 0;
			defaultConfigurationName = Release;
		};
		91A566641686D9C1003E10F5 /* Build configuration list for PBXNativeTarget "MyMoney" */ = {
			isa = XCConfigurationList;
			buildConfigurations = (
				91A566651686D9C1003E10F5 /* Debug */,
				91A566661686D9C1003E10F5 /* Release */,
			);
			defaultConfigurationIsVisible = 0;
			defaultConfigurationName = Release;
		};
		91A566671686D9C1003E10F5 /* Build configuration list for PBXNativeTarget "MyMoneyTests" */ = {
			isa = XCConfigurationList;
			buildConfigurations = (
				91A566681686D9C1003E10F5 /* Debug */,
				91A566691686D9C1003E10F5 /* Release */,
			);
			defaultConfigurationIsVisible = 0;
			defaultConfigurationName = Release;
		};
/* End XCConfigurationList section */
	};
	rootObject = 91A5661C1686D9C0003E10F5 /* Project object */;
}
